{
  "name": "frontend",
  "version": "1.0.0",
  "lockfileVersion": 3,
  "requires": true,
  "packages": {
    "": {
      "name": "frontend",
      "version": "1.0.0",
      "license": "ISC",
      "dependencies": {
        "gerador-validador-cpf": "^6.3.0"
      }
    },
    "node_modules/gerador-validador-cpf": {
      "version": "6.3.0",
      "resolved": "https://registry.npmjs.org/gerador-validador-cpf/-/gerador-validador-cpf-6.3.0.tgz",
      "integrity": "sha512-mEa0SRR4dGeXb2psbhY1JN+B+Yo9mUANM3IbeD267cvWarxZ30wCEIScxIgBHBgdFvfky8/DcTK7BBB1tpq8vQ==",
      "license": "MIT",
      "engines": {
        "node": ">=18"
      },
      "funding": {
        "url": "https://github.com/sponsors/tiagoporto"
      }
    }
  }
}
